
Microsoft Visual Studio Solution File, Format Version 12.00
# Visual Studio Version 17
VisualStudioVersion = 17.3.32901.215
MinimumVisualStudioVersion = 10.0.40219.1
Project("{FAE04EC0-301F-11D3-BF4B-00C04F79EFBC}") = "Hello_World_App", "Hello_World_App.csproj", "{69B4D524-9ACA-47AE-8DCA-1D3650137E37}"
EndProject
Global
	GlobalSection(SolutionConfigurationPlatforms) = preSolution
		Debug|Any CPU = Debug|Any CPU
		Release|Any CPU = Release|Any CPU
	EndGlobalSection
	GlobalSection(ProjectConfigurationPlatforms) = postSolution
		{69B4D524-9ACA-47AE-8DCA-1D3650137E37}.Debug|Any CPU.ActiveCfg = Debug|Any CPU
		{69B4D524-9ACA-47AE-8DCA-1D3650137E37}.Debug|Any CPU.Build.0 = Debug|Any CPU
		{69B4D524-9ACA-47AE-8DCA-1D3650137E37}.Release|Any CPU.ActiveCfg = Release|Any CPU
		{69B4D524-9ACA-47AE-8DCA-1D3650137E37}.Release|Any CPU.Build.0 = Release|Any CPU
	EndGlobalSection
	GlobalSection(SolutionProperties) = preSolution
		HideSolutionNode = FALSE
	EndGlobalSection
	GlobalSection(ExtensibilityGlobals) = postSolution
		SolutionGuid = {EBABFAE9-7BF9-4FCE-898F-ED8C1ADB52E2}
	EndGlobalSection
EndGlobal
